
Microsoft Visual Studio Solution File, Format Version 12.00
Project("{FAE04EC0-301F-11D3-BF4B-00C04F79EFBC}") = "MonoInverter", "MonoInverter.csproj", "{831EBB3F-509C-44A6-A806-79A03944EC72}"
EndProject
Global
	GlobalSection(SolutionConfigurationPlatforms) = preSolution
		Debug|Any CPU = Debug|Any CPU
		Release|Any CPU = Release|Any CPU
	EndGlobalSection
	GlobalSection(ProjectConfigurationPlatforms) = postSolution
		{831EBB3F-509C-44A6-A806-79A03944EC72}.Debug|Any CPU.ActiveCfg = Debug|Any CPU
		{831EBB3F-509C-44A6-A806-79A03944EC72}.Debug|Any CPU.Build.0 = Debug|Any CPU
		{831EBB3F-509C-44A6-A806-79A03944EC72}.Release|Any CPU.ActiveCfg = Release|Any CPU
		{831EBB3F-509C-44A6-A806-79A03944EC72}.Release|Any CPU.Build.0 = Release|Any CPU
	EndGlobalSection
EndGlobal
